{
  "name": "pwa",
  "lockfileVersion": 2,
  "requires": true,
  "packages": {
    "": {
      "name": "pwa",
      "dependencies": {
        "@ngneat/until-destroy": "^9.2.2"
      }
    },
    "node_modules/@ngneat/until-destroy": {
      "version": "9.2.2",
      "resolved": "https://registry.npmjs.org/@ngneat/until-destroy/-/until-destroy-9.2.2.tgz",
      "integrity": "sha512-pD5idTgUdF0XZMuaV1n0BZTnE2BvxymutoXhwfZbO3uxjh63wS6Pzzzwv+pkXalKhuSwdf6uA1gRx7DOvlj/Kw==",
      "dependencies": {
        "tslib": "^2.3.0"
      },
      "peerDependencies": {
        "@angular/core": ">=13",
        "rxjs": "^6.4.0 || ^7.0.0"
      }
    },
    "node_modules/tslib": {
      "version": "2.4.1",
      "resolved": "https://registry.npmjs.org/tslib/-/tslib-2.4.1.tgz",
      "integrity": "sha512-tGyy4dAjRIEwI7BzsB0lynWgOpfqjUdq91XXAlIWD2OwKBH7oCl/GZG/HT4BOHrTlPMOASlMQ7veyTqpmRcrNA=="
    }
  },
  "dependencies": {
    "@ngneat/until-destroy": {
      "version": "9.2.2",
      "resolved": "https://registry.npmjs.org/@ngneat/until-destroy/-/until-destroy-9.2.2.tgz",
      "integrity": "sha512-pD5idTgUdF0XZMuaV1n0BZTnE2BvxymutoXhwfZbO3uxjh63wS6Pzzzwv+pkXalKhuSwdf6uA1gRx7DOvlj/Kw==",
      "requires": {
        "tslib": "^2.3.0"
      }
    },
    "tslib": {
      "version": "2.4.1",
      "resolved": "https://registry.npmjs.org/tslib/-/tslib-2.4.1.tgz",
      "integrity": "sha512-tGyy4dAjRIEwI7BzsB0lynWgOpfqjUdq91XXAlIWD2OwKBH7oCl/GZG/HT4BOHrTlPMOASlMQ7veyTqpmRcrNA=="
    }
  }
}
